
Microsoft Visual Studio Solution File, Format Version 12.00
# Visual Studio Version 17
VisualStudioVersion = 17.7.34009.444
MinimumVisualStudioVersion = 10.0.40219.1
Project("{9A19103F-16F7-4668-BE54-9A1E7A4F7556}") = "CleanDDDTemplate.Domain", "CleanDDDTemplate.Domain\CleanDDDTemplate.Domain.csproj", "{855AB438-9A56-432F-A1DB-A4C7D920C9A4}"
EndProject
Project("{9A19103F-16F7-4668-BE54-9A1E7A4F7556}") = "CleanDDDTemplate.Application", "CleanDDDTemplate.Application\CleanDDDTemplate.Application.csproj", "{E6E3B569-8D6E-4A6D-8CA8-FA7E2A2D8E55}"
EndProject
Project("{9A19103F-16F7-4668-BE54-9A1E7A4F7556}") = "CleanDDDTemplate.Persistence", "CleanDDDTemplate.Persistence\CleanDDDTemplate.Persistence.csproj", "{B9AA3B4B-0085-4CE1-B851-25FEF0E2D897}"
EndProject
Project("{9A19103F-16F7-4668-BE54-9A1E7A4F7556}") = "CleanDDDTemplate.Infrastructure", "CleanDDDTemplate.Infrastructure\CleanDDDTemplate.Infrastructure.csproj", "{332F2E71-13CB-495B-9FCB-A0CB195F914C}"
EndProject
Project("{2150E333-8FDC-42A3-9474-1A3956D46DE8}") = "Shared", "Shared", "{210A20BD-0962-42BB-8B23-F7E2FFCA70B3}"
EndProject
Project("{2150E333-8FDC-42A3-9474-1A3956D46DE8}") = "Core", "Core", "{43596F21-333D-4AF5-A9FA-B0B164D6FE98}"
EndProject
Project("{2150E333-8FDC-42A3-9474-1A3956D46DE8}") = "Presentation", "Presentation", "{2EF32A5A-1873-4089-99AA-99A0DCCFF1E3}"
EndProject
Project("{2150E333-8FDC-42A3-9474-1A3956D46DE8}") = "Src", "Src", "{43177F74-FB1D-4CA9-A366-33032F2D14B3}"
EndProject
Project("{9A19103F-16F7-4668-BE54-9A1E7A4F7556}") = "Common", "Common\Common.csproj", "{FFD43633-FDF2-4A5F-8EF2-97AAF3639376}"
EndProject
Project("{9A19103F-16F7-4668-BE54-9A1E7A4F7556}") = "CleanDDDTemplate.API", "CleanDDDTemplate.API\CleanDDDTemplate.API.csproj", "{31C48642-D8BB-47BC-B562-84221328DF7A}"
EndProject
Global
	GlobalSection(SolutionConfigurationPlatforms) = preSolution
		Debug|Any CPU = Debug|Any CPU
		Publish|Any CPU = Publish|Any CPU
		Release|Any CPU = Release|Any CPU
	EndGlobalSection
	GlobalSection(ProjectConfigurationPlatforms) = postSolution
		{855AB438-9A56-432F-A1DB-A4C7D920C9A4}.Debug|Any CPU.ActiveCfg = Debug|Any CPU
		{855AB438-9A56-432F-A1DB-A4C7D920C9A4}.Debug|Any CPU.Build.0 = Debug|Any CPU
		{855AB438-9A56-432F-A1DB-A4C7D920C9A4}.Publish|Any CPU.ActiveCfg = Debug|Any CPU
		{855AB438-9A56-432F-A1DB-A4C7D920C9A4}.Publish|Any CPU.Build.0 = Debug|Any CPU
		{855AB438-9A56-432F-A1DB-A4C7D920C9A4}.Release|Any CPU.ActiveCfg = Release|Any CPU
		{855AB438-9A56-432F-A1DB-A4C7D920C9A4}.Release|Any CPU.Build.0 = Release|Any CPU
		{E6E3B569-8D6E-4A6D-8CA8-FA7E2A2D8E55}.Debug|Any CPU.ActiveCfg = Debug|Any CPU
		{E6E3B569-8D6E-4A6D-8CA8-FA7E2A2D8E55}.Debug|Any CPU.Build.0 = Debug|Any CPU
		{E6E3B569-8D6E-4A6D-8CA8-FA7E2A2D8E55}.Publish|Any CPU.ActiveCfg = Debug|Any CPU
		{E6E3B569-8D6E-4A6D-8CA8-FA7E2A2D8E55}.Publish|Any CPU.Build.0 = Debug|Any CPU
		{E6E3B569-8D6E-4A6D-8CA8-FA7E2A2D8E55}.Release|Any CPU.ActiveCfg = Release|Any CPU
		{E6E3B569-8D6E-4A6D-8CA8-FA7E2A2D8E55}.Release|Any CPU.Build.0 = Release|Any CPU
		{B9AA3B4B-0085-4CE1-B851-25FEF0E2D897}.Debug|Any CPU.ActiveCfg = Debug|Any CPU
		{B9AA3B4B-0085-4CE1-B851-25FEF0E2D897}.Debug|Any CPU.Build.0 = Debug|Any CPU
		{B9AA3B4B-0085-4CE1-B851-25FEF0E2D897}.Publish|Any CPU.ActiveCfg = Debug|Any CPU
		{B9AA3B4B-0085-4CE1-B851-25FEF0E2D897}.Publish|Any CPU.Build.0 = Debug|Any CPU
		{B9AA3B4B-0085-4CE1-B851-25FEF0E2D897}.Release|Any CPU.ActiveCfg = Release|Any CPU
		{B9AA3B4B-0085-4CE1-B851-25FEF0E2D897}.Release|Any CPU.Build.0 = Release|Any CPU
		{332F2E71-13CB-495B-9FCB-A0CB195F914C}.Debug|Any CPU.ActiveCfg = Debug|Any CPU
		{332F2E71-13CB-495B-9FCB-A0CB195F914C}.Debug|Any CPU.Build.0 = Debug|Any CPU
		{332F2E71-13CB-495B-9FCB-A0CB195F914C}.Publish|Any CPU.ActiveCfg = Debug|Any CPU
		{332F2E71-13CB-495B-9FCB-A0CB195F914C}.Publish|Any CPU.Build.0 = Debug|Any CPU
		{332F2E71-13CB-495B-9FCB-A0CB195F914C}.Release|Any CPU.ActiveCfg = Release|Any CPU
		{332F2E71-13CB-495B-9FCB-A0CB195F914C}.Release|Any CPU.Build.0 = Release|Any CPU
		{FFD43633-FDF2-4A5F-8EF2-97AAF3639376}.Debug|Any CPU.ActiveCfg = Debug|Any CPU
		{FFD43633-FDF2-4A5F-8EF2-97AAF3639376}.Debug|Any CPU.Build.0 = Debug|Any CPU
		{FFD43633-FDF2-4A5F-8EF2-97AAF3639376}.Publish|Any CPU.ActiveCfg = Publish|Any CPU
		{FFD43633-FDF2-4A5F-8EF2-97AAF3639376}.Publish|Any CPU.Build.0 = Publish|Any CPU
		{FFD43633-FDF2-4A5F-8EF2-97AAF3639376}.Release|Any CPU.ActiveCfg = Release|Any CPU
		{FFD43633-FDF2-4A5F-8EF2-97AAF3639376}.Release|Any CPU.Build.0 = Release|Any CPU
		{31C48642-D8BB-47BC-B562-84221328DF7A}.Debug|Any CPU.ActiveCfg = Debug|Any CPU
		{31C48642-D8BB-47BC-B562-84221328DF7A}.Debug|Any CPU.Build.0 = Debug|Any CPU
		{31C48642-D8BB-47BC-B562-84221328DF7A}.Publish|Any CPU.ActiveCfg = Debug|Any CPU
		{31C48642-D8BB-47BC-B562-84221328DF7A}.Publish|Any CPU.Build.0 = Debug|Any CPU
		{31C48642-D8BB-47BC-B562-84221328DF7A}.Release|Any CPU.ActiveCfg = Release|Any CPU
		{31C48642-D8BB-47BC-B562-84221328DF7A}.Release|Any CPU.Build.0 = Release|Any CPU
	EndGlobalSection
	GlobalSection(SolutionProperties) = preSolution
		HideSolutionNode = FALSE
	EndGlobalSection
	GlobalSection(NestedProjects) = preSolution
		{855AB438-9A56-432F-A1DB-A4C7D920C9A4} = {43596F21-333D-4AF5-A9FA-B0B164D6FE98}
		{E6E3B569-8D6E-4A6D-8CA8-FA7E2A2D8E55} = {43596F21-333D-4AF5-A9FA-B0B164D6FE98}
		{B9AA3B4B-0085-4CE1-B851-25FEF0E2D897} = {43596F21-333D-4AF5-A9FA-B0B164D6FE98}
		{332F2E71-13CB-495B-9FCB-A0CB195F914C} = {43596F21-333D-4AF5-A9FA-B0B164D6FE98}
		{43596F21-333D-4AF5-A9FA-B0B164D6FE98} = {43177F74-FB1D-4CA9-A366-33032F2D14B3}
		{2EF32A5A-1873-4089-99AA-99A0DCCFF1E3} = {43177F74-FB1D-4CA9-A366-33032F2D14B3}
		{FFD43633-FDF2-4A5F-8EF2-97AAF3639376} = {210A20BD-0962-42BB-8B23-F7E2FFCA70B3}
		{31C48642-D8BB-47BC-B562-84221328DF7A} = {2EF32A5A-1873-4089-99AA-99A0DCCFF1E3}
	EndGlobalSection
	GlobalSection(ExtensibilityGlobals) = postSolution
		SolutionGuid = {E86FDB2E-9DEB-4A0E-ACA2-3CCF79F72D60}
	EndGlobalSection
EndGlobal
